
Microsoft Visual Studio Solution File, Format Version 12.00
Project("{2150E333-8FDC-42A3-9474-1A3956D46DE8}") = "Server", "Server", "{437837AA-AECD-4F38-BBB5-AE8873E1DCCC}"
EndProject
Project("{FAE04EC0-301F-11D3-BF4B-00C04F79EFBC}") = "Movies.Api", "1.GettingStarted\Movies.Api\Movies.Api.csproj", "{5F67A488-3747-493A-9F82-DF6082D686F2}"
EndProject
Project("{FAE04EC0-301F-11D3-BF4B-00C04F79EFBC}") = "Movies.Application", "1.GettingStarted\Movies.Application\Movies.Application.csproj", "{46BCBFD6-D4A5-48AB-A0E0-ABBEA8CAE2ED}"
EndProject
Project("{FAE04EC0-301F-11D3-BF4B-00C04F79EFBC}") = "Movies.Contracts", "1.GettingStarted\Movies.Contracts\Movies.Contracts.csproj", "{EAABC916-D2E8-4997-9FC0-2E10AA14EFCE}"
EndProject
Project("{2150E333-8FDC-42A3-9474-1A3956D46DE8}") = "Docker", "Docker", "{647B93DC-D16D-4ACD-B968-28778956E8DF}"
	ProjectSection(SolutionItems) = preProject
		compose.yaml = compose.yaml
	EndProjectSection
EndProject
Project("{FAE04EC0-301F-11D3-BF4B-00C04F79EFBC}") = "Movies.Api.Sdk", "Movies.Api.Sdk\Movies.Api.Sdk.csproj", "{55AD3943-371D-42B3-B55A-214964F3338A}"
EndProject
Project("{FAE04EC0-301F-11D3-BF4B-00C04F79EFBC}") = "Movies.Api.Sdk.Consumer", "Movies.Api.Sdk.Consumer\Movies.Api.Sdk.Consumer.csproj", "{2FA04D01-105B-43AE-A554-1B8C7C7DD18C}"
EndProject
Project("{FAE04EC0-301F-11D3-BF4B-00C04F79EFBC}") = "Movies.Api", "Server\Movies.Api\Movies.Api.csproj", "{BC895328-5BB6-431C-BDEE-65DBC40B6E06}"
EndProject
Project("{FAE04EC0-301F-11D3-BF4B-00C04F79EFBC}") = "Movies.Application", "Server\Movies.Application\Movies.Application.csproj", "{CA201559-1080-411E-A06E-E0A526446FF1}"
EndProject
Project("{FAE04EC0-301F-11D3-BF4B-00C04F79EFBC}") = "Movies.Contracts", "Server\Movies.Contracts\Movies.Contracts.csproj", "{18A331FB-A0E4-4321-B612-5316909E809C}"
EndProject
Project("{FAE04EC0-301F-11D3-BF4B-00C04F79EFBC}") = "Movies.Api.Sdk", "Server\Movies.Api.Sdk\Movies.Api.Sdk.csproj", "{BEAA2C7A-CB4A-4C1F-B420-30415E9EBCD7}"
EndProject
Project("{FAE04EC0-301F-11D3-BF4B-00C04F79EFBC}") = "Movies.Api.Sdk.Consumer", "Server\Movies.Api.Sdk.Consumer\Movies.Api.Sdk.Consumer.csproj", "{854B403E-8FA0-4B1C-BD2B-31269329EE2F}"
EndProject
Project("{2150E333-8FDC-42A3-9474-1A3956D46DE8}") = "Identity", "Identity", "{6EC9E575-621C-4817-9401-6F769C18E78B}"
EndProject
Project("{FAE04EC0-301F-11D3-BF4B-00C04F79EFBC}") = "Identity.Api", "Server\Helpers\Identity.Api\Identity.Api.csproj", "{9CFE095C-7B5F-48C8-8D19-F806EABABE56}"
EndProject
Global
	GlobalSection(SolutionConfigurationPlatforms) = preSolution
		Debug|Any CPU = Debug|Any CPU
		Release|Any CPU = Release|Any CPU
	EndGlobalSection
	GlobalSection(NestedProjects) = preSolution
		{5F67A488-3747-493A-9F82-DF6082D686F2} = {437837AA-AECD-4F38-BBB5-AE8873E1DCCC}
		{46BCBFD6-D4A5-48AB-A0E0-ABBEA8CAE2ED} = {437837AA-AECD-4F38-BBB5-AE8873E1DCCC}
		{EAABC916-D2E8-4997-9FC0-2E10AA14EFCE} = {437837AA-AECD-4F38-BBB5-AE8873E1DCCC}
		{55AD3943-371D-42B3-B55A-214964F3338A} = {437837AA-AECD-4F38-BBB5-AE8873E1DCCC}
		{2FA04D01-105B-43AE-A554-1B8C7C7DD18C} = {437837AA-AECD-4F38-BBB5-AE8873E1DCCC}
		{BC895328-5BB6-431C-BDEE-65DBC40B6E06} = {437837AA-AECD-4F38-BBB5-AE8873E1DCCC}
		{CA201559-1080-411E-A06E-E0A526446FF1} = {437837AA-AECD-4F38-BBB5-AE8873E1DCCC}
		{18A331FB-A0E4-4321-B612-5316909E809C} = {437837AA-AECD-4F38-BBB5-AE8873E1DCCC}
		{BEAA2C7A-CB4A-4C1F-B420-30415E9EBCD7} = {437837AA-AECD-4F38-BBB5-AE8873E1DCCC}
		{854B403E-8FA0-4B1C-BD2B-31269329EE2F} = {437837AA-AECD-4F38-BBB5-AE8873E1DCCC}
		{9CFE095C-7B5F-48C8-8D19-F806EABABE56} = {6EC9E575-621C-4817-9401-6F769C18E78B}
	EndGlobalSection
	GlobalSection(ProjectConfigurationPlatforms) = postSolution
		{5F67A488-3747-493A-9F82-DF6082D686F2}.Debug|Any CPU.ActiveCfg = Debug|Any CPU
		{5F67A488-3747-493A-9F82-DF6082D686F2}.Debug|Any CPU.Build.0 = Debug|Any CPU
		{5F67A488-3747-493A-9F82-DF6082D686F2}.Release|Any CPU.ActiveCfg = Release|Any CPU
		{5F67A488-3747-493A-9F82-DF6082D686F2}.Release|Any CPU.Build.0 = Release|Any CPU
		{46BCBFD6-D4A5-48AB-A0E0-ABBEA8CAE2ED}.Debug|Any CPU.ActiveCfg = Debug|Any CPU
		{46BCBFD6-D4A5-48AB-A0E0-ABBEA8CAE2ED}.Debug|Any CPU.Build.0 = Debug|Any CPU
		{46BCBFD6-D4A5-48AB-A0E0-ABBEA8CAE2ED}.Release|Any CPU.ActiveCfg = Release|Any CPU
		{46BCBFD6-D4A5-48AB-A0E0-ABBEA8CAE2ED}.Release|Any CPU.Build.0 = Release|Any CPU
		{EAABC916-D2E8-4997-9FC0-2E10AA14EFCE}.Debug|Any CPU.ActiveCfg = Debug|Any CPU
		{EAABC916-D2E8-4997-9FC0-2E10AA14EFCE}.Debug|Any CPU.Build.0 = Debug|Any CPU
		{EAABC916-D2E8-4997-9FC0-2E10AA14EFCE}.Release|Any CPU.ActiveCfg = Release|Any CPU
		{EAABC916-D2E8-4997-9FC0-2E10AA14EFCE}.Release|Any CPU.Build.0 = Release|Any CPU
		{55AD3943-371D-42B3-B55A-214964F3338A}.Debug|Any CPU.ActiveCfg = Debug|Any CPU
		{55AD3943-371D-42B3-B55A-214964F3338A}.Debug|Any CPU.Build.0 = Debug|Any CPU
		{55AD3943-371D-42B3-B55A-214964F3338A}.Release|Any CPU.ActiveCfg = Release|Any CPU
		{55AD3943-371D-42B3-B55A-214964F3338A}.Release|Any CPU.Build.0 = Release|Any CPU
		{2FA04D01-105B-43AE-A554-1B8C7C7DD18C}.Debug|Any CPU.ActiveCfg = Debug|Any CPU
		{2FA04D01-105B-43AE-A554-1B8C7C7DD18C}.Debug|Any CPU.Build.0 = Debug|Any CPU
		{2FA04D01-105B-43AE-A554-1B8C7C7DD18C}.Release|Any CPU.ActiveCfg = Release|Any CPU
		{2FA04D01-105B-43AE-A554-1B8C7C7DD18C}.Release|Any CPU.Build.0 = Release|Any CPU
		{BC895328-5BB6-431C-BDEE-65DBC40B6E06}.Debug|Any CPU.ActiveCfg = Debug|Any CPU
		{BC895328-5BB6-431C-BDEE-65DBC40B6E06}.Debug|Any CPU.Build.0 = Debug|Any CPU
		{BC895328-5BB6-431C-BDEE-65DBC40B6E06}.Release|Any CPU.ActiveCfg = Release|Any CPU
		{BC895328-5BB6-431C-BDEE-65DBC40B6E06}.Release|Any CPU.Build.0 = Release|Any CPU
		{CA201559-1080-411E-A06E-E0A526446FF1}.Debug|Any CPU.ActiveCfg = Debug|Any CPU
		{CA201559-1080-411E-A06E-E0A526446FF1}.Debug|Any CPU.Build.0 = Debug|Any CPU
		{CA201559-1080-411E-A06E-E0A526446FF1}.Release|Any CPU.ActiveCfg = Release|Any CPU
		{CA201559-1080-411E-A06E-E0A526446FF1}.Release|Any CPU.Build.0 = Release|Any CPU
		{18A331FB-A0E4-4321-B612-5316909E809C}.Debug|Any CPU.ActiveCfg = Debug|Any CPU
		{18A331FB-A0E4-4321-B612-5316909E809C}.Debug|Any CPU.Build.0 = Debug|Any CPU
		{18A331FB-A0E4-4321-B612-5316909E809C}.Release|Any CPU.ActiveCfg = Release|Any CPU
		{18A331FB-A0E4-4321-B612-5316909E809C}.Release|Any CPU.Build.0 = Release|Any CPU
		{BEAA2C7A-CB4A-4C1F-B420-30415E9EBCD7}.Debug|Any CPU.ActiveCfg = Debug|Any CPU
		{BEAA2C7A-CB4A-4C1F-B420-30415E9EBCD7}.Debug|Any CPU.Build.0 = Debug|Any CPU
		{BEAA2C7A-CB4A-4C1F-B420-30415E9EBCD7}.Release|Any CPU.ActiveCfg = Release|Any CPU
		{BEAA2C7A-CB4A-4C1F-B420-30415E9EBCD7}.Release|Any CPU.Build.0 = Release|Any CPU
		{854B403E-8FA0-4B1C-BD2B-31269329EE2F}.Debug|Any CPU.ActiveCfg = Debug|Any CPU
		{854B403E-8FA0-4B1C-BD2B-31269329EE2F}.Debug|Any CPU.Build.0 = Debug|Any CPU
		{854B403E-8FA0-4B1C-BD2B-31269329EE2F}.Release|Any CPU.ActiveCfg = Release|Any CPU
		{854B403E-8FA0-4B1C-BD2B-31269329EE2F}.Release|Any CPU.Build.0 = Release|Any CPU
		{9CFE095C-7B5F-48C8-8D19-F806EABABE56}.Debug|Any CPU.ActiveCfg = Debug|Any CPU
		{9CFE095C-7B5F-48C8-8D19-F806EABABE56}.Debug|Any CPU.Build.0 = Debug|Any CPU
		{9CFE095C-7B5F-48C8-8D19-F806EABABE56}.Release|Any CPU.ActiveCfg = Release|Any CPU
		{9CFE095C-7B5F-48C8-8D19-F806EABABE56}.Release|Any CPU.Build.0 = Release|Any CPU
	EndGlobalSection
EndGlobal
