
Microsoft Visual Studio Solution File, Format Version 12.00
Project("{2150E333-8FDC-42A3-9474-1A3956D46DE8}") = "Server", "Server", "{437837AA-AECD-4F38-BBB5-AE8873E1DCCC}"
EndProject
Project("{2150E333-8FDC-42A3-9474-1A3956D46DE8}") = "Docker", "Docker", "{647B93DC-D16D-4ACD-B968-28778956E8DF}"
	ProjectSection(SolutionItems) = preProject
		compose.yaml = compose.yaml
	EndProjectSection
EndProject
Project("{FAE04EC0-301F-11D3-BF4B-00C04F79EFBC}") = "Movies.Api", "Server\Movies.Api\Movies.Api.csproj", "{BC895328-5BB6-431C-BDEE-65DBC40B6E06}"
EndProject
Project("{FAE04EC0-301F-11D3-BF4B-00C04F79EFBC}") = "Movies.Application", "Server\Movies.Application\Movies.Application.csproj", "{CA201559-1080-411E-A06E-E0A526446FF1}"
EndProject
Project("{FAE04EC0-301F-11D3-BF4B-00C04F79EFBC}") = "Movies.Contracts", "Server\Movies.Contracts\Movies.Contracts.csproj", "{18A331FB-A0E4-4321-B612-5316909E809C}"
EndProject
Project("{FAE04EC0-301F-11D3-BF4B-00C04F79EFBC}") = "Movies.Api.Sdk", "Server\Movies.Api.Sdk\Movies.Api.Sdk.csproj", "{BEAA2C7A-CB4A-4C1F-B420-30415E9EBCD7}"
EndProject
Project("{FAE04EC0-301F-11D3-BF4B-00C04F79EFBC}") = "Movies.Api.Sdk.Consumer", "Server\Movies.Api.Sdk.Consumer\Movies.Api.Sdk.Consumer.csproj", "{854B403E-8FA0-4B1C-BD2B-31269329EE2F}"
EndProject
Project("{2150E333-8FDC-42A3-9474-1A3956D46DE8}") = "Identity", "Identity", "{6EC9E575-621C-4817-9401-6F769C18E78B}"
EndProject
Project("{FAE04EC0-301F-11D3-BF4B-00C04F79EFBC}") = "Identity.Api", "Server\Helpers\Identity.Api\Identity.Api.csproj", "{9CFE095C-7B5F-48C8-8D19-F806EABABE56}"
EndProject
Project("{2150E333-8FDC-42A3-9474-1A3956D46DE8}") = "Tests", "Tests", "{0A0FFFAD-C3D8-4545-A840-F93A38E24C8A}"
EndProject
Project("{FAE04EC0-301F-11D3-BF4B-00C04F79EFBC}") = "Movies.Application.Tests", "Tests\Movies.Application.Tests\Movies.Application.Tests.csproj", "{584B4170-E90F-4997-83A6-9F92B3159D99}"
EndProject
Global
	GlobalSection(SolutionConfigurationPlatforms) = preSolution
		Debug|Any CPU = Debug|Any CPU
		Release|Any CPU = Release|Any CPU
	EndGlobalSection
	GlobalSection(NestedProjects) = preSolution
		{BC895328-5BB6-431C-BDEE-65DBC40B6E06} = {437837AA-AECD-4F38-BBB5-AE8873E1DCCC}
		{CA201559-1080-411E-A06E-E0A526446FF1} = {437837AA-AECD-4F38-BBB5-AE8873E1DCCC}
		{18A331FB-A0E4-4321-B612-5316909E809C} = {437837AA-AECD-4F38-BBB5-AE8873E1DCCC}
		{BEAA2C7A-CB4A-4C1F-B420-30415E9EBCD7} = {437837AA-AECD-4F38-BBB5-AE8873E1DCCC}
		{854B403E-8FA0-4B1C-BD2B-31269329EE2F} = {437837AA-AECD-4F38-BBB5-AE8873E1DCCC}
		{9CFE095C-7B5F-48C8-8D19-F806EABABE56} = {6EC9E575-621C-4817-9401-6F769C18E78B}
		{584B4170-E90F-4997-83A6-9F92B3159D99} = {0A0FFFAD-C3D8-4545-A840-F93A38E24C8A}
	EndGlobalSection
	GlobalSection(ProjectConfigurationPlatforms) = postSolution
		{BC895328-5BB6-431C-BDEE-65DBC40B6E06}.Debug|Any CPU.ActiveCfg = Debug|Any CPU
		{BC895328-5BB6-431C-BDEE-65DBC40B6E06}.Debug|Any CPU.Build.0 = Debug|Any CPU
		{BC895328-5BB6-431C-BDEE-65DBC40B6E06}.Release|Any CPU.ActiveCfg = Release|Any CPU
		{BC895328-5BB6-431C-BDEE-65DBC40B6E06}.Release|Any CPU.Build.0 = Release|Any CPU
		{CA201559-1080-411E-A06E-E0A526446FF1}.Debug|Any CPU.ActiveCfg = Debug|Any CPU
		{CA201559-1080-411E-A06E-E0A526446FF1}.Debug|Any CPU.Build.0 = Debug|Any CPU
		{CA201559-1080-411E-A06E-E0A526446FF1}.Release|Any CPU.ActiveCfg = Release|Any CPU
		{CA201559-1080-411E-A06E-E0A526446FF1}.Release|Any CPU.Build.0 = Release|Any CPU
		{18A331FB-A0E4-4321-B612-5316909E809C}.Debug|Any CPU.ActiveCfg = Debug|Any CPU
		{18A331FB-A0E4-4321-B612-5316909E809C}.Debug|Any CPU.Build.0 = Debug|Any CPU
		{18A331FB-A0E4-4321-B612-5316909E809C}.Release|Any CPU.ActiveCfg = Release|Any CPU
		{18A331FB-A0E4-4321-B612-5316909E809C}.Release|Any CPU.Build.0 = Release|Any CPU
		{BEAA2C7A-CB4A-4C1F-B420-30415E9EBCD7}.Debug|Any CPU.ActiveCfg = Debug|Any CPU
		{BEAA2C7A-CB4A-4C1F-B420-30415E9EBCD7}.Debug|Any CPU.Build.0 = Debug|Any CPU
		{BEAA2C7A-CB4A-4C1F-B420-30415E9EBCD7}.Release|Any CPU.ActiveCfg = Release|Any CPU
		{BEAA2C7A-CB4A-4C1F-B420-30415E9EBCD7}.Release|Any CPU.Build.0 = Release|Any CPU
		{854B403E-8FA0-4B1C-BD2B-31269329EE2F}.Debug|Any CPU.ActiveCfg = Debug|Any CPU
		{854B403E-8FA0-4B1C-BD2B-31269329EE2F}.Debug|Any CPU.Build.0 = Debug|Any CPU
		{854B403E-8FA0-4B1C-BD2B-31269329EE2F}.Release|Any CPU.ActiveCfg = Release|Any CPU
		{854B403E-8FA0-4B1C-BD2B-31269329EE2F}.Release|Any CPU.Build.0 = Release|Any CPU
		{9CFE095C-7B5F-48C8-8D19-F806EABABE56}.Debug|Any CPU.ActiveCfg = Debug|Any CPU
		{9CFE095C-7B5F-48C8-8D19-F806EABABE56}.Debug|Any CPU.Build.0 = Debug|Any CPU
		{9CFE095C-7B5F-48C8-8D19-F806EABABE56}.Release|Any CPU.ActiveCfg = Release|Any CPU
		{9CFE095C-7B5F-48C8-8D19-F806EABABE56}.Release|Any CPU.Build.0 = Release|Any CPU
		{584B4170-E90F-4997-83A6-9F92B3159D99}.Debug|Any CPU.ActiveCfg = Debug|Any CPU
		{584B4170-E90F-4997-83A6-9F92B3159D99}.Debug|Any CPU.Build.0 = Debug|Any CPU
		{584B4170-E90F-4997-83A6-9F92B3159D99}.Release|Any CPU.ActiveCfg = Release|Any CPU
		{584B4170-E90F-4997-83A6-9F92B3159D99}.Release|Any CPU.Build.0 = Release|Any CPU
	EndGlobalSection
EndGlobal
